
Microsoft Visual Studio Solution File, Format Version 10.00
# Visual Studio 2008
Project("{FAE04EC0-301F-11D3-BF4B-00C04F79EFBC}") = "Kurejito", "Kurejito\Kurejito.csproj", "{EC232F2E-B508-44EF-9FA4-ECA2D3E2034D}"
EndProject
Project("{FAE04EC0-301F-11D3-BF4B-00C04F79EFBC}") = "Kurejito.Tests", "Kurejito.Tests\Kurejito.Tests.csproj", "{84120395-C28D-4432-940A-920BB914219F}"
EndProject
Project("{2150E333-8FDC-42A3-9474-1A3956D46DE8}") = "Gateways", "Gateways", "{6F8C6757-37FF-49FE-91A1-C059BA69D153}"
EndProject
Project("{FAE04EC0-301F-11D3-BF4B-00C04F79EFBC}") = "Kurejito.SagePay", "Kurejito.SagePay\Kurejito.SagePay.csproj", "{383D1D50-C85C-415B-8A01-2DC9F68484CE}"
EndProject
Project("{FAE04EC0-301F-11D3-BF4B-00C04F79EFBC}") = "Kurejito.SagePay.Tests", "Kurejito.SagePay.Tests\Kurejito.SagePay.Tests.csproj", "{FA75A1DC-F4B7-48AE-8546-99AF3BC29E4E}"
EndProject
Project("{2150E333-8FDC-42A3-9474-1A3956D46DE8}") = "SagePay", "SagePay", "{5F48E7F8-3EDA-49A1-895C-861428ABAC43}"
EndProject
Project("{2150E333-8FDC-42A3-9474-1A3956D46DE8}") = "GoogleCheckout", "GoogleCheckout", "{ECC8E1CD-C163-4EC3-BA13-19B9592B77FD}"
EndProject
Project("{2150E333-8FDC-42A3-9474-1A3956D46DE8}") = "Datacash", "Datacash", "{505FD299-92AA-4A75-B685-DA9B72CB2E2A}"
EndProject
Project("{2150E333-8FDC-42A3-9474-1A3956D46DE8}") = "Creditcall", "Creditcall", "{6083CCB8-9AF3-4049-8040-0DCE2EEB31FE}"
EndProject
Project("{FAE04EC0-301F-11D3-BF4B-00C04F79EFBC}") = "Kurejito.GoogleCheckout", "Kurejito.GoogleCheckout\Kurejito.GoogleCheckout.csproj", "{9381D1E9-24F8-4DCF-90F7-31BDAEBE38D7}"
EndProject
Project("{FAE04EC0-301F-11D3-BF4B-00C04F79EFBC}") = "Kurejito.GoogleCheckout.Tests", "Kurejito.GoogleCheckout.Tests\Kurejito.GoogleCheckout.Tests.csproj", "{AC7FF1CF-6422-430A-8F59-1BF009FC4484}"
EndProject
Project("{2150E333-8FDC-42A3-9474-1A3956D46DE8}") = "FakeBank", "FakeBank", "{B32538E4-58A4-4B2D-A98E-EDF192320796}"
EndProject
Project("{FAE04EC0-301F-11D3-BF4B-00C04F79EFBC}") = "Kurejito.FakeBank", "Kurejito.FakeBank\Kurejito.FakeBank.csproj", "{76EC9E95-B7DA-4EA1-8463-EC618533D0C8}"
EndProject
Project("{FAE04EC0-301F-11D3-BF4B-00C04F79EFBC}") = "Kurejito.FakeBank.Tests", "Kurejito.FakeBank.Tests\Kurejito.FakeBank.Tests.csproj", "{DDCFA45C-777C-47C7-B931-A2C14BB91B89}"
EndProject
Global
	GlobalSection(SolutionConfigurationPlatforms) = preSolution
		Debug|Any CPU = Debug|Any CPU
		Release|Any CPU = Release|Any CPU
	EndGlobalSection
	GlobalSection(ProjectConfigurationPlatforms) = postSolution
		{EC232F2E-B508-44EF-9FA4-ECA2D3E2034D}.Debug|Any CPU.ActiveCfg = Debug|Any CPU
		{EC232F2E-B508-44EF-9FA4-ECA2D3E2034D}.Debug|Any CPU.Build.0 = Debug|Any CPU
		{EC232F2E-B508-44EF-9FA4-ECA2D3E2034D}.Release|Any CPU.ActiveCfg = Release|Any CPU
		{EC232F2E-B508-44EF-9FA4-ECA2D3E2034D}.Release|Any CPU.Build.0 = Release|Any CPU
		{84120395-C28D-4432-940A-920BB914219F}.Debug|Any CPU.ActiveCfg = Debug|Any CPU
		{84120395-C28D-4432-940A-920BB914219F}.Debug|Any CPU.Build.0 = Debug|Any CPU
		{84120395-C28D-4432-940A-920BB914219F}.Release|Any CPU.ActiveCfg = Release|Any CPU
		{84120395-C28D-4432-940A-920BB914219F}.Release|Any CPU.Build.0 = Release|Any CPU
		{383D1D50-C85C-415B-8A01-2DC9F68484CE}.Debug|Any CPU.ActiveCfg = Debug|Any CPU
		{383D1D50-C85C-415B-8A01-2DC9F68484CE}.Debug|Any CPU.Build.0 = Debug|Any CPU
		{383D1D50-C85C-415B-8A01-2DC9F68484CE}.Release|Any CPU.ActiveCfg = Release|Any CPU
		{383D1D50-C85C-415B-8A01-2DC9F68484CE}.Release|Any CPU.Build.0 = Release|Any CPU
		{FA75A1DC-F4B7-48AE-8546-99AF3BC29E4E}.Debug|Any CPU.ActiveCfg = Debug|Any CPU
		{FA75A1DC-F4B7-48AE-8546-99AF3BC29E4E}.Debug|Any CPU.Build.0 = Debug|Any CPU
		{FA75A1DC-F4B7-48AE-8546-99AF3BC29E4E}.Release|Any CPU.ActiveCfg = Release|Any CPU
		{FA75A1DC-F4B7-48AE-8546-99AF3BC29E4E}.Release|Any CPU.Build.0 = Release|Any CPU
		{9381D1E9-24F8-4DCF-90F7-31BDAEBE38D7}.Debug|Any CPU.ActiveCfg = Debug|Any CPU
		{9381D1E9-24F8-4DCF-90F7-31BDAEBE38D7}.Debug|Any CPU.Build.0 = Debug|Any CPU
		{9381D1E9-24F8-4DCF-90F7-31BDAEBE38D7}.Release|Any CPU.ActiveCfg = Release|Any CPU
		{9381D1E9-24F8-4DCF-90F7-31BDAEBE38D7}.Release|Any CPU.Build.0 = Release|Any CPU
		{AC7FF1CF-6422-430A-8F59-1BF009FC4484}.Debug|Any CPU.ActiveCfg = Debug|Any CPU
		{AC7FF1CF-6422-430A-8F59-1BF009FC4484}.Debug|Any CPU.Build.0 = Debug|Any CPU
		{AC7FF1CF-6422-430A-8F59-1BF009FC4484}.Release|Any CPU.ActiveCfg = Release|Any CPU
		{AC7FF1CF-6422-430A-8F59-1BF009FC4484}.Release|Any CPU.Build.0 = Release|Any CPU
		{76EC9E95-B7DA-4EA1-8463-EC618533D0C8}.Debug|Any CPU.ActiveCfg = Debug|Any CPU
		{76EC9E95-B7DA-4EA1-8463-EC618533D0C8}.Debug|Any CPU.Build.0 = Debug|Any CPU
		{76EC9E95-B7DA-4EA1-8463-EC618533D0C8}.Release|Any CPU.ActiveCfg = Release|Any CPU
		{76EC9E95-B7DA-4EA1-8463-EC618533D0C8}.Release|Any CPU.Build.0 = Release|Any CPU
		{DDCFA45C-777C-47C7-B931-A2C14BB91B89}.Debug|Any CPU.ActiveCfg = Debug|Any CPU
		{DDCFA45C-777C-47C7-B931-A2C14BB91B89}.Debug|Any CPU.Build.0 = Debug|Any CPU
		{DDCFA45C-777C-47C7-B931-A2C14BB91B89}.Release|Any CPU.ActiveCfg = Release|Any CPU
		{DDCFA45C-777C-47C7-B931-A2C14BB91B89}.Release|Any CPU.Build.0 = Release|Any CPU
	EndGlobalSection
	GlobalSection(SolutionProperties) = preSolution
		HideSolutionNode = FALSE
	EndGlobalSection
	GlobalSection(NestedProjects) = preSolution
		{5F48E7F8-3EDA-49A1-895C-861428ABAC43} = {6F8C6757-37FF-49FE-91A1-C059BA69D153}
		{ECC8E1CD-C163-4EC3-BA13-19B9592B77FD} = {6F8C6757-37FF-49FE-91A1-C059BA69D153}
		{505FD299-92AA-4A75-B685-DA9B72CB2E2A} = {6F8C6757-37FF-49FE-91A1-C059BA69D153}
		{6083CCB8-9AF3-4049-8040-0DCE2EEB31FE} = {6F8C6757-37FF-49FE-91A1-C059BA69D153}
		{B32538E4-58A4-4B2D-A98E-EDF192320796} = {6F8C6757-37FF-49FE-91A1-C059BA69D153}
		{FA75A1DC-F4B7-48AE-8546-99AF3BC29E4E} = {5F48E7F8-3EDA-49A1-895C-861428ABAC43}
		{383D1D50-C85C-415B-8A01-2DC9F68484CE} = {5F48E7F8-3EDA-49A1-895C-861428ABAC43}
		{9381D1E9-24F8-4DCF-90F7-31BDAEBE38D7} = {ECC8E1CD-C163-4EC3-BA13-19B9592B77FD}
		{AC7FF1CF-6422-430A-8F59-1BF009FC4484} = {ECC8E1CD-C163-4EC3-BA13-19B9592B77FD}
		{76EC9E95-B7DA-4EA1-8463-EC618533D0C8} = {B32538E4-58A4-4B2D-A98E-EDF192320796}
		{DDCFA45C-777C-47C7-B931-A2C14BB91B89} = {B32538E4-58A4-4B2D-A98E-EDF192320796}
	EndGlobalSection
EndGlobal
